
Microsoft Visual Studio Solution File, Format Version 12.00
# Visual Studio Version 17
VisualStudioVersion = 17.7.34202.233
MinimumVisualStudioVersion = 10.0.40219.1
Project("{9A19103F-16F7-4668-BE54-9A1E7A4F7556}") = "nedv", "nedv\nedv.csproj", "{1F41F5D3-B07E-41DD-ABBD-9595328A392A}"
EndProject
Global
	GlobalSection(SolutionConfigurationPlatforms) = preSolution
		Debug|Any CPU = Debug|Any CPU
		Release|Any CPU = Release|Any CPU
	EndGlobalSection
	GlobalSection(ProjectConfigurationPlatforms) = postSolution
		{1F41F5D3-B07E-41DD-ABBD-9595328A392A}.Debug|Any CPU.ActiveCfg = Debug|Any CPU
		{1F41F5D3-B07E-41DD-ABBD-9595328A392A}.Debug|Any CPU.Build.0 = Debug|Any CPU
		{1F41F5D3-B07E-41DD-ABBD-9595328A392A}.Release|Any CPU.ActiveCfg = Release|Any CPU
		{1F41F5D3-B07E-41DD-ABBD-9595328A392A}.Release|Any CPU.Build.0 = Release|Any CPU
	EndGlobalSection
	GlobalSection(SolutionProperties) = preSolution
		HideSolutionNode = FALSE
	EndGlobalSection
	GlobalSection(ExtensibilityGlobals) = postSolution
		SolutionGuid = {03B2FB9B-7B2C-45A5-9BEB-E2E213DB8B51}
	EndGlobalSection
EndGlobal
